{
  "name": "breakfast-club-3001-client",
  "version": "0.1.0",
  "lockfileVersion": 1,
  "requires": true,
  "dependencies": {
    "@babel/runtime": {
      "version": "7.3.4",
      "resolved": "https://registry.npmjs.org/@babel/runtime/-/runtime-7.3.4.tgz",
      "integrity": "sha512-IvfvnMdSaLBateu0jfsYIpZTxAc2cKEXEMiezGGN75QcBcecDUKd3PgLAncT0oOgxKy8dd8hrJKj9MfzgfZd6g==",
      "requires": {
        "regenerator-runtime": "^0.12.0"
      },
      "dependencies": {
        "regenerator-runtime": {
          "version": "0.12.1",
          "resolved": "https://registry.npmjs.org/regenerator-runtime/-/regenerator-runtime-0.12.1.tgz",
          "integrity": "sha512-odxIc1/vDlo4iZcfXqRYFj0vpXFNoGdKMAUieAlFYO6m/nl5e9KR/beGf41z4a1FI+aQgtjhuaSlDxQ0hmkrHg=="
        }
      }
    },
    "@types/jest": {
      "version": "22.2.3",
      "resolved": "https://registry.npmjs.org/@types/jest/-/jest-22.2.3.tgz",
      "integrity": "sha512-e74sM9W/4qqWB6D4TWV9FQk0WoHtX1X4FJpbjxucMSVJHtFjbQOH3H6yp+xno4br0AKG0wz/kPtaN599GUOvAg==",
      "dev": true
    },
    "@types/node": {
      "version": "9.6.46",
      "resolved": "https://registry.npmjs.org/@types/node/-/node-9.6.46.tgz",
      "integrity": "sha512-W8W76mPzOkN1KuzB25yFIqv1ESj2gp8MILJByUnLcDhOZsuSaDhY8vXLEP9+6OWCqNe7W+3zh2L+rb8kg9rsFA==",
      "dev": true
    },
    "@types/prop-types": {
      "version": "15.7.0",
      "resolved": "https://registry.npmjs.org/@types/prop-types/-/prop-types-15.7.0.tgz",
      "integrity": "sha512-eItQyV43bj4rR3JPV0Skpl1SncRCdziTEK9/v8VwXmV6d/qOUO8/EuWeHBbCZcsfSHfzI5UyMJLCSXtxxznyZg==",
      "dev": true
    },
    "@types/react": {
      "version": "16.8.8",
      "resolved": "https://registry.npmjs.org/@types/react/-/react-16.8.8.tgz",
      "integrity": "sha512-xwEvyet96u7WnB96kqY0yY7qxx/pEpU51QeACkKFtrgjjXITQn0oO1iwPEraXVgh10ZFPix7gs1R4OJXF7P5sg==",
      "dev": true,
      "requires": {
        "@types/prop-types": "*",
        "csstype": "^2.2.0"
      }
    },
    "@types/react-dom": {
      "version": "16.8.2",
      "resolved": "https://registry.npmjs.org/@types/react-dom/-/react-dom-16.8.2.tgz",
      "integrity": "sha512-MX7n1wq3G/De15RGAAqnmidzhr2Y9O/ClxPxyqaNg96pGyeXUYPSvujgzEVpLo9oIP4Wn1UETl+rxTN02KEpBw==",
      "dev": true,
      "requires": {
        "@types/react": "*"
      }
    },
    "@types/react-form": {
      "version": "2.16.2",
      "resolved": "https://registry.npmjs.org/@types/react-form/-/react-form-2.16.2.tgz",
      "integrity": "sha512-hXWSs5M3OdTbgQHk8q5X1/VhttJz/VgOt3B9ZDj5z8mPv9eaaI5O/h/DUmE8EaGSGoZ1pluDPbhqo0sTmTjRew==",
      "dev": true,
      "requires": {
        "@types/react": "*"
      }
    },
    "asap": {
      "version": "2.0.6",
      "resolved": "https://registry.npmjs.org/asap/-/asap-2.0.6.tgz",
      "integrity": "sha1-5QNHYR1+aQlDIIu9r+vLwvuGbUY="
    },
    "boom": {
      "version": "7.3.0",
      "resolved": "https://registry.npmjs.org/boom/-/boom-7.3.0.tgz",
      "integrity": "sha512-Swpoyi2t5+GhOEGw8rEsKvTxFLIDiiKoUc2gsoV6Lyr43LHBIzch3k2MvYUs8RTROrIkVJ3Al0TkaOGjnb+B6A==",
      "dev": true,
      "requires": {
        "hoek": "6.x.x"
      },
      "dependencies": {
        "hoek": {
          "version": "6.1.2",
          "resolved": "https://registry.npmjs.org/hoek/-/hoek-6.1.2.tgz",
          "integrity": "sha512-6qhh/wahGYZHFSFw12tBbJw5fsAhhwrrG/y3Cs0YMTv2WzMnL0oLPnQJjv1QJvEfylRSOFuP+xCu+tdx0tD16Q==",
          "dev": true
        }
      }
    },
    "classnames": {
      "version": "2.2.6",
      "resolved": "https://registry.npmjs.org/classnames/-/classnames-2.2.6.tgz",
      "integrity": "sha512-JR/iSQOSt+LQIWwrwEzJ9uk0xfN3mTVYMwt1Ir5mUcSN6pU+V4zQFFaJsclJbPuAUQH+yfWef6tm7l1quW3C8Q=="
    },
    "core-js": {
      "version": "1.2.7",
      "resolved": "https://registry.npmjs.org/core-js/-/core-js-1.2.7.tgz",
      "integrity": "sha1-ZSKUwUZR2yj6k70tX/KYOk8IxjY="
    },
    "create-react-context": {
      "version": "0.2.2",
      "resolved": "https://registry.npmjs.org/create-react-context/-/create-react-context-0.2.2.tgz",
      "integrity": "sha512-KkpaLARMhsTsgp0d2NA/R94F/eDLbhXERdIq3LvX2biCAXcDvHYoOqHfWCHf1+OLj+HKBotLG3KqaOOf+C1C+A==",
      "requires": {
        "fbjs": "^0.8.0",
        "gud": "^1.0.0"
      }
    },
    "cryptiles": {
      "version": "4.1.3",
      "resolved": "https://registry.npmjs.org/cryptiles/-/cryptiles-4.1.3.tgz",
      "integrity": "sha512-gT9nyTMSUC1JnziQpPbxKGBbUg8VL7Zn2NB4E1cJYvuXdElHrwxrV9bmltZGDzet45zSDGyYceueke1TjynGzw==",
      "dev": true,
      "requires": {
        "boom": "7.x.x"
      }
    },
    "csstype": {
      "version": "2.6.3",
      "resolved": "https://registry.npmjs.org/csstype/-/csstype-2.6.3.tgz",
      "integrity": "sha512-rINUZXOkcBmoHWEyu7JdHu5JMzkGRoMX4ov9830WNgxf5UYxcBUO0QTKAqeJ5EZfSdlrcJYkC8WwfVW7JYi4yg==",
      "dev": true
    },
    "deep-extend": {
      "version": "0.6.0",
      "resolved": "https://registry.npmjs.org/deep-extend/-/deep-extend-0.6.0.tgz",
      "integrity": "sha512-LOHxIOaPYdHlJRtCQfDIVZtfw/ufM8+rVj649RIHzcm/vGwQRXFt6OPqIFWsm2XEMrNIEtWR64sY1LEKD2vAOA==",
      "dev": true
    },
    "encoding": {
      "version": "0.1.12",
      "resolved": "https://registry.npmjs.org/encoding/-/encoding-0.1.12.tgz",
      "integrity": "sha1-U4tm8+5izRq1HsMjgp0flIDHS+s=",
      "requires": {
        "iconv-lite": "~0.4.13"
      }
    },
    "fbjs": {
      "version": "0.8.16",
      "resolved": "https://registry.npmjs.org/fbjs/-/fbjs-0.8.16.tgz",
      "integrity": "sha1-XmdDL1UNxBtXK/VYR7ispk5TN9s=",
      "requires": {
        "core-js": "^1.0.0",
        "isomorphic-fetch": "^2.1.1",
        "loose-envify": "^1.0.0",
        "object-assign": "^4.1.0",
        "promise": "^7.1.1",
        "setimmediate": "^1.0.5",
        "ua-parser-js": "^0.7.9"
      }
    },
    "gud": {
      "version": "1.0.0",
      "resolved": "https://registry.npmjs.org/gud/-/gud-1.0.0.tgz",
      "integrity": "sha512-zGEOVKFM5sVPPrYs7J5/hYEw2Pof8KCyOwyhG8sAF26mCAeUFAcYPu1mwB7hhpIP29zOIBaDqwuHdLp0jvZXjw=="
    },
    "history": {
      "version": "4.7.2",
      "resolved": "https://registry.npmjs.org/history/-/history-4.7.2.tgz",
      "integrity": "sha512-1zkBRWW6XweO0NBcjiphtVJVsIQ+SXF29z9DVkceeaSLVMFXHool+fdCZD4spDCfZJCILPILc3bm7Bc+HRi0nA==",
      "requires": {
        "invariant": "^2.2.1",
        "loose-envify": "^1.2.0",
        "resolve-pathname": "^2.2.0",
        "value-equal": "^0.4.0",
        "warning": "^3.0.0"
      }
    },
    "hoist-non-react-statics": {
      "version": "3.3.0",
      "resolved": "https://registry.npmjs.org/hoist-non-react-statics/-/hoist-non-react-statics-3.3.0.tgz",
      "integrity": "sha512-0XsbTXxgiaCDYDIWFcwkmerZPSwywfUqYmwT4jzewKTQSWoE6FCMoUVOeBJWK3E/CrWbxRG3m5GzY4lnIwGRBA==",
      "requires": {
        "react-is": "^16.7.0"
      }
    },
    "iconv-lite": {
      "version": "0.4.21",
      "resolved": "https://registry.npmjs.org/iconv-lite/-/iconv-lite-0.4.21.tgz",
      "integrity": "sha512-En5V9za5mBt2oUA03WGD3TwDv0MKAruqsuxstbMUZaj9W9k/m1CV/9py3l0L5kw9Bln8fdHQmzHSYtvpvTLpKw==",
      "requires": {
        "safer-buffer": "^2.1.0"
      }
    },
    "invariant": {
      "version": "2.2.4",
      "resolved": "https://registry.npmjs.org/invariant/-/invariant-2.2.4.tgz",
      "integrity": "sha512-phJfQVBuaJM5raOpJjSfkiD6BpbCE4Ns//LaXl6wGYtUBY83nWS6Rf9tXm2e8VaK60JEjYldbPif/A2B1C2gNA==",
      "requires": {
        "loose-envify": "^1.0.0"
      }
    },
    "is-stream": {
      "version": "1.1.0",
      "resolved": "https://registry.npmjs.org/is-stream/-/is-stream-1.1.0.tgz",
      "integrity": "sha1-EtSj3U5o4Lec6428hBc66A2RykQ="
    },
    "isomorphic-fetch": {
      "version": "2.2.1",
      "resolved": "https://registry.npmjs.org/isomorphic-fetch/-/isomorphic-fetch-2.2.1.tgz",
      "integrity": "sha1-YRrhrPFPXoH3KVB0coGf6XM1WKk=",
      "requires": {
        "node-fetch": "^1.0.1",
        "whatwg-fetch": ">=0.10.0"
      }
    },
    "js-tokens": {
      "version": "3.0.2",
      "resolved": "https://registry.npmjs.org/js-tokens/-/js-tokens-3.0.2.tgz",
      "integrity": "sha1-mGbfOVECEw449/mWvOtlRDIJwls="
    },
    "kind-of": {
      "version": "6.0.2",
      "resolved": "https://registry.npmjs.org/kind-of/-/kind-of-6.0.2.tgz",
      "integrity": "sha512-s5kLOcnH0XqDO+FvuaLX8DDjZ18CGFk7VygH40QoKPUQhW4e2rvM0rwUq0t8IQDOwYSeLK01U90OjzBTme2QqA==",
      "dev": true
    },
    "lodash": {
      "version": "4.17.11",
      "resolved": "https://registry.npmjs.org/lodash/-/lodash-4.17.11.tgz",
      "integrity": "sha512-cQKh8igo5QUhZ7lg38DYWAxMvjSAKG0A8wGSVimP07SIUEK2UO+arSRKbRZWtelMtN5V0Hkwh5ryOto/SshYIg=="
    },
    "lodash-es": {
      "version": "4.17.11",
      "resolved": "https://registry.npmjs.org/lodash-es/-/lodash-es-4.17.11.tgz",
      "integrity": "sha512-DHb1ub+rMjjrxqlB3H56/6MXtm1lSksDp2rA2cNWjG8mlDUYFhUj3Di2Zn5IwSU87xLv8tNIQ7sSwE/YOX/D/Q=="
    },
    "loose-envify": {
      "version": "1.3.1",
      "resolved": "https://registry.npmjs.org/loose-envify/-/loose-envify-1.3.1.tgz",
      "integrity": "sha1-0aitM/qc4OcT1l/dCsi3SNR4yEg=",
      "requires": {
        "js-tokens": "^3.0.0"
      }
    },
    "macaddress": {
      "version": "0.2.9",
      "resolved": "https://registry.npmjs.org/macaddress/-/macaddress-0.2.9.tgz",
      "integrity": "sha512-k4F1JUof6cQXxNFzx3thLby4oJzXTXQueAOOts944Vqizn+Rjc2QNFenT9FJSLU1CH3PmrHRSyZs2E+Cqw+P2w==",
      "dev": true
    },
    "math-random": {
      "version": "1.0.1",
      "resolved": "https://registry.npmjs.org/math-random/-/math-random-1.0.1.tgz",
      "integrity": "sha1-izqsWIuKZuSXXjzepn97sylgH6w=",
      "dev": true
    },
    "merge": {
      "version": "1.2.1",
      "resolved": "https://registry.npmjs.org/merge/-/merge-1.2.1.tgz",
      "integrity": "sha512-VjFo4P5Whtj4vsLzsYBu5ayHhoHJ0UqNm7ibvShmbmoz7tGi0vXaoJbGdB+GmDMLUdg8DpQXEIeVDAe8MaABvQ==",
      "dev": true
    },
    "moment": {
      "version": "2.24.0",
      "resolved": "https://registry.npmjs.org/moment/-/moment-2.24.0.tgz",
      "integrity": "sha512-bV7f+6l2QigeBBZSM/6yTNq4P2fNpSWj/0e7jQcy87A8e7o2nAfP/34/2ky5Vw4B9S446EtIhodAzkFCcR4dQg=="
    },
    "node-fetch": {
      "version": "1.7.3",
      "resolved": "https://registry.npmjs.org/node-fetch/-/node-fetch-1.7.3.tgz",
      "integrity": "sha512-NhZ4CsKx7cYm2vSrBAr2PvFOe6sWDf0UYLRqA6svUYg7+/TSfVAu49jYC4BvQ4Sms9SZgdqGBgroqfDhJdTyKQ==",
      "requires": {
        "encoding": "^0.1.11",
        "is-stream": "^1.0.1"
      }
    },
    "object-assign": {
      "version": "4.1.1",
      "resolved": "https://registry.npmjs.org/object-assign/-/object-assign-4.1.1.tgz",
      "integrity": "sha1-IQmtx5ZYh8/AXLvUQsrIv7s2CGM="
    },
    "path-to-regexp": {
      "version": "1.7.0",
      "resolved": "https://registry.npmjs.org/path-to-regexp/-/path-to-regexp-1.7.0.tgz",
      "integrity": "sha1-Wf3g9DW62suhA6hOnTvGTpa5k30=",
      "requires": {
        "isarray": "0.0.1"
      },
      "dependencies": {
        "isarray": {
          "version": "0.0.1",
          "resolved": "https://registry.npmjs.org/isarray/-/isarray-0.0.1.tgz",
          "integrity": "sha1-ihis/Kmo9Bd+Cav8YDiTmwXR7t8="
        }
      }
    },
    "popper.js": {
      "version": "1.14.7",
      "resolved": "https://registry.npmjs.org/popper.js/-/popper.js-1.14.7.tgz",
      "integrity": "sha512-4q1hNvoUre/8srWsH7hnoSJ5xVmIL4qgz+s4qf2TnJIMyZFUFMGH+9vE7mXynAlHSZ/NdTmmow86muD0myUkVQ=="
    },
    "promise": {
      "version": "7.3.1",
      "resolved": "https://registry.npmjs.org/promise/-/promise-7.3.1.tgz",
      "integrity": "sha512-nolQXZ/4L+bP/UGlkfaIujX9BKxGwmQ9OT4mOt5yvy8iK1h3wqTEJCijzGANTCCl9nWjY41juyAn2K3Q1hLLTg==",
      "requires": {
        "asap": "~2.0.3"
      }
    },
    "prop-types": {
      "version": "15.6.1",
      "resolved": "https://registry.npmjs.org/prop-types/-/prop-types-15.6.1.tgz",
      "integrity": "sha512-4ec7bY1Y66LymSUOH/zARVYObB23AT2h8cf6e/O6ZALB/N0sqZFEx7rq6EYPX2MkOdKORuooI/H5k9TlR4q7kQ==",
      "requires": {
        "fbjs": "^0.8.16",
        "loose-envify": "^1.3.1",
        "object-assign": "^4.1.1"
      }
    },
    "querystringify": {
      "version": "2.1.0",
      "resolved": "https://registry.npmjs.org/querystringify/-/querystringify-2.1.0.tgz",
      "integrity": "sha512-sluvZZ1YiTLD5jsqZcDmFyV2EwToyXZBfpoVOmktMmW+VEnhgakFHnasVph65fOjGPTWN0Nw3+XQaSeMayr0kg==",
      "dev": true
    },
    "randomatic": {
      "version": "3.1.1",
      "resolved": "https://registry.npmjs.org/randomatic/-/randomatic-3.1.1.tgz",
      "integrity": "sha512-TuDE5KxZ0J461RVjrJZCJc+J+zCkTb1MbH9AQUq68sMhOMcy9jLcb3BrZKgp9q9Ncltdg4QVqWrH02W2EFFVYw==",
      "dev": true,
      "requires": {
        "is-number": "^4.0.0",
        "kind-of": "^6.0.0",
        "math-random": "^1.0.1"
      },
      "dependencies": {
        "is-number": {
          "version": "4.0.0",
          "resolved": "https://registry.npmjs.org/is-number/-/is-number-4.0.0.tgz",
          "integrity": "sha512-rSklcAIlf1OmFdyAqbnWTLVelsQ58uvZ66S/ZyawjWqIviTWCjg2PzVGw8WUA+nNuPTqb4wgA+NszrJ+08LlgQ==",
          "dev": true
        }
      }
    },
    "react": {
      "version": "16.8.4",
      "resolved": "https://registry.npmjs.org/react/-/react-16.8.4.tgz",
      "integrity": "sha512-0GQ6gFXfUH7aZcjGVymlPOASTuSjlQL4ZtVC5YKH+3JL6bBLCVO21DknzmaPlI90LN253ojj02nsapy+j7wIjg==",
      "requires": {
        "loose-envify": "^1.1.0",
        "object-assign": "^4.1.1",
        "prop-types": "^15.6.2",
        "scheduler": "^0.13.4"
      },
      "dependencies": {
        "prop-types": {
          "version": "15.7.2",
          "resolved": "https://registry.npmjs.org/prop-types/-/prop-types-15.7.2.tgz",
          "integrity": "sha512-8QQikdH7//R2vurIJSutZ1smHYTcLpRWEOlHnzcWHmBYrOGUysKwSsrC89BCiFj3CbrfJ/nXFdJepOVrY1GCHQ==",
          "requires": {
            "loose-envify": "^1.4.0",
            "object-assign": "^4.1.1",
            "react-is": "^16.8.1"
          },
          "dependencies": {
            "loose-envify": {
              "version": "1.4.0",
              "resolved": "https://registry.npmjs.org/loose-envify/-/loose-envify-1.4.0.tgz",
              "integrity": "sha512-lyuxPGr/Wfhrlem2CL/UcnUc1zcqKAImBDzukY7Y5F/yQiNdko6+fRLevlw1HgMySw7f611UIY408EtxRSoK3Q==",
              "requires": {
                "js-tokens": "^3.0.0 || ^4.0.0"
              }
            }
          }
        }
      }
    },
    "react-datepicker": {
      "version": "1.8.0",
      "resolved": "https://registry.npmjs.org/react-datepicker/-/react-datepicker-1.8.0.tgz",
      "integrity": "sha512-N4LdVTtqJCsZyKXBQ/AqSEcH6FyhgsY1gD07zECNu60nGt5s4ngRlhYdHoE34VNFO+ZY+pvljZRLwSC8LS9RxQ==",
      "requires": {
        "classnames": "^2.2.5",
        "prop-types": "^15.6.0",
        "react-onclickoutside": "^6.7.1",
        "react-popper": "^1.0.2"
      }
    },
    "react-dom": {
      "version": "16.8.4",
      "resolved": "https://registry.npmjs.org/react-dom/-/react-dom-16.8.4.tgz",
      "integrity": "sha512-Ob2wK7XG2tUDt7ps7LtLzGYYB6DXMCLj0G5fO6WeEICtT4/HdpOi7W/xLzZnR6RCG1tYza60nMdqtxzA8FaPJQ==",
      "requires": {
        "loose-envify": "^1.1.0",
        "object-assign": "^4.1.1",
        "prop-types": "^15.6.2",
        "scheduler": "^0.13.4"
      },
      "dependencies": {
        "prop-types": {
          "version": "15.7.2",
          "resolved": "https://registry.npmjs.org/prop-types/-/prop-types-15.7.2.tgz",
          "integrity": "sha512-8QQikdH7//R2vurIJSutZ1smHYTcLpRWEOlHnzcWHmBYrOGUysKwSsrC89BCiFj3CbrfJ/nXFdJepOVrY1GCHQ==",
          "requires": {
            "loose-envify": "^1.4.0",
            "object-assign": "^4.1.1",
            "react-is": "^16.8.1"
          },
          "dependencies": {
            "loose-envify": {
              "version": "1.4.0",
              "resolved": "https://registry.npmjs.org/loose-envify/-/loose-envify-1.4.0.tgz",
              "integrity": "sha512-lyuxPGr/Wfhrlem2CL/UcnUc1zcqKAImBDzukY7Y5F/yQiNdko6+fRLevlw1HgMySw7f611UIY408EtxRSoK3Q==",
              "requires": {
                "js-tokens": "^3.0.0 || ^4.0.0"
              }
            }
          }
        }
      }
    },
    "react-form": {
      "version": "3.5.7",
      "resolved": "https://registry.npmjs.org/react-form/-/react-form-3.5.7.tgz",
      "integrity": "sha512-DSbJUJArtxZZPkySc4nTkz1evgaJ0bTlG3kMDeLe1b1P1B3NvwM1N8lsuB3SJNqptZmPYDXL8ub4YhRYS6sk6A==",
      "requires": {
        "classnames": "^2.2.5",
        "prop-types": "^15.5.10",
        "react-redux": "^5.0.6",
        "redux": "^3.7.2",
        "redux-thunk": "^2.2.0"
      },
      "dependencies": {
        "redux": {
          "version": "3.7.2",
          "resolved": "https://registry.npmjs.org/redux/-/redux-3.7.2.tgz",
          "integrity": "sha512-pNqnf9q1hI5HHZRBkj3bAngGZW/JMCmexDlOxw4XagXY2o1327nHH54LoTjiPJ0gizoqPDRqWyX/00g0hD6w+A==",
          "requires": {
            "lodash": "^4.2.1",
            "lodash-es": "^4.2.1",
            "loose-envify": "^1.1.0",
            "symbol-observable": "^1.0.3"
          }
        }
      }
    },
    "react-is": {
      "version": "16.8.4",
      "resolved": "https://registry.npmjs.org/react-is/-/react-is-16.8.4.tgz",
      "integrity": "sha512-PVadd+WaUDOAciICm/J1waJaSvgq+4rHE/K70j0PFqKhkTBsPv/82UGQJNXAngz1fOQLLxI6z1sEDmJDQhCTAA=="
    },
    "react-lifecycles-compat": {
      "version": "3.0.4",
      "resolved": "https://registry.npmjs.org/react-lifecycles-compat/-/react-lifecycles-compat-3.0.4.tgz",
      "integrity": "sha512-fBASbA6LnOU9dOU2eW7aQ8xmYBSXUIWr+UmF9b1efZBazGNO+rcXT/icdKnYm2pTwcRylVUYwW7H1PHfLekVzA=="
    },
    "react-onclickoutside": {
      "version": "6.8.0",
      "resolved": "https://registry.npmjs.org/react-onclickoutside/-/react-onclickoutside-6.8.0.tgz",
      "integrity": "sha512-5Q4Rn7QLEoh7WIe66KFvYIpWJ49GeHoygP1/EtJyZjXKgrWH19Tf0Ty3lWyQzrEEDyLOwUvvmBFSE3dcDdvagA=="
    },
    "react-popper": {
      "version": "1.3.3",
      "resolved": "https://registry.npmjs.org/react-popper/-/react-popper-1.3.3.tgz",
      "integrity": "sha512-ynMZBPkXONPc5K4P5yFWgZx5JGAUIP3pGGLNs58cfAPgK67olx7fmLp+AdpZ0+GoQ+ieFDa/z4cdV6u7sioH6w==",
      "requires": {
        "@babel/runtime": "^7.1.2",
        "create-react-context": "<=0.2.2",
        "popper.js": "^1.14.4",
        "prop-types": "^15.6.1",
        "typed-styles": "^0.0.7",
        "warning": "^4.0.2"
      },
      "dependencies": {
        "warning": {
          "version": "4.0.3",
          "resolved": "https://registry.npmjs.org/warning/-/warning-4.0.3.tgz",
          "integrity": "sha512-rpJyN222KWIvHJ/F53XSZv0Zl/accqHR8et1kpaMTD/fLCRxtV8iX8czMzY7sVZupTI3zcUTg8eycS2kNF9l6w==",
          "requires": {
            "loose-envify": "^1.0.0"
          }
        }
      }
    },
    "react-redux": {
      "version": "5.1.1",
      "resolved": "https://registry.npmjs.org/react-redux/-/react-redux-5.1.1.tgz",
      "integrity": "sha512-LE7Ned+cv5qe7tMV5BPYkGQ5Lpg8gzgItK07c67yHvJ8t0iaD9kPFPAli/mYkiyJYrs2pJgExR2ZgsGqlrOApg==",
      "requires": {
        "@babel/runtime": "^7.1.2",
        "hoist-non-react-statics": "^3.1.0",
        "invariant": "^2.2.4",
        "loose-envify": "^1.1.0",
        "prop-types": "^15.6.1",
        "react-is": "^16.6.0",
        "react-lifecycles-compat": "^3.0.0"
      }
    },
    "react-router": {
      "version": "4.3.1",
      "resolved": "https://registry.npmjs.org/react-router/-/react-router-4.3.1.tgz",
      "integrity": "sha512-yrvL8AogDh2X42Dt9iknk4wF4V8bWREPirFfS9gLU1huk6qK41sg7Z/1S81jjTrGHxa3B8R3J6xIkDAA6CVarg==",
      "requires": {
        "history": "^4.7.2",
        "hoist-non-react-statics": "^2.5.0",
        "invariant": "^2.2.4",
        "loose-envify": "^1.3.1",
        "path-to-regexp": "^1.7.0",
        "prop-types": "^15.6.1",
        "warning": "^4.0.1"
      },
      "dependencies": {
        "hoist-non-react-statics": {
          "version": "2.5.5",
          "resolved": "https://registry.npmjs.org/hoist-non-react-statics/-/hoist-non-react-statics-2.5.5.tgz",
          "integrity": "sha512-rqcy4pJo55FTTLWt+bU8ukscqHeE/e9KWvsOW2b/a3afxQZhwkQdT1rPPCJ0rYXdj4vNcasY8zHTH+jF/qStxw=="
        },
        "warning": {
          "version": "4.0.2",
          "resolved": "https://registry.npmjs.org/warning/-/warning-4.0.2.tgz",
          "integrity": "sha512-wbTp09q/9C+jJn4KKJfJfoS6VleK/Dti0yqWSm6KMvJ4MRCXFQNapHuJXutJIrWV0Cf4AhTdeIe4qdKHR1+Hug==",
          "requires": {
            "loose-envify": "^1.0.0"
          }
        }
      }
    },
    "react-router-dom": {
      "version": "4.3.1",
      "resolved": "https://registry.npmjs.org/react-router-dom/-/react-router-dom-4.3.1.tgz",
      "integrity": "sha512-c/MlywfxDdCp7EnB7YfPMOfMD3tOtIjrQlj/CKfNMBxdmpJP8xcz5P/UAFn3JbnQCNUxsHyVVqllF9LhgVyFCA==",
      "requires": {
        "history": "^4.7.2",
        "invariant": "^2.2.4",
        "loose-envify": "^1.3.1",
        "prop-types": "^15.6.1",
        "react-router": "^4.3.1",
        "warning": "^4.0.1"
      },
      "dependencies": {
        "warning": {
          "version": "4.0.2",
          "resolved": "https://registry.npmjs.org/warning/-/warning-4.0.2.tgz",
          "integrity": "sha512-wbTp09q/9C+jJn4KKJfJfoS6VleK/Dti0yqWSm6KMvJ4MRCXFQNapHuJXutJIrWV0Cf4AhTdeIe4qdKHR1+Hug==",
          "requires": {
            "loose-envify": "^1.0.0"
          }
        }
      }
    },
    "redux": {
      "version": "4.0.1",
      "resolved": "https://registry.npmjs.org/redux/-/redux-4.0.1.tgz",
      "integrity": "sha512-R7bAtSkk7nY6O/OYMVR9RiBI+XghjF9rlbl5806HJbQph0LJVHZrU5oaO4q70eUKiqMRqm4y07KLTlMZ2BlVmg==",
      "requires": {
        "loose-envify": "^1.4.0",
        "symbol-observable": "^1.2.0"
      },
      "dependencies": {
        "loose-envify": {
          "version": "1.4.0",
          "resolved": "https://registry.npmjs.org/loose-envify/-/loose-envify-1.4.0.tgz",
          "integrity": "sha512-lyuxPGr/Wfhrlem2CL/UcnUc1zcqKAImBDzukY7Y5F/yQiNdko6+fRLevlw1HgMySw7f611UIY408EtxRSoK3Q==",
          "requires": {
            "js-tokens": "^3.0.0 || ^4.0.0"
          }
        }
      }
    },
    "redux-thunk": {
      "version": "2.3.0",
      "resolved": "https://registry.npmjs.org/redux-thunk/-/redux-thunk-2.3.0.tgz",
      "integrity": "sha512-km6dclyFnmcvxhAcrQV2AkZmPQjzPDjgVlQtR0EQjxZPyJ0BnMf3in1ryuR8A2qU0HldVRfxYXbFSKlI3N7Slw=="
    },
    "requires-port": {
      "version": "1.0.0",
      "resolved": "https://registry.npmjs.org/requires-port/-/requires-port-1.0.0.tgz",
      "integrity": "sha1-kl0mAdOaxIXgkc8NpcbmlNw9yv8=",
      "dev": true
    },
    "resolve-pathname": {
      "version": "2.2.0",
      "resolved": "https://registry.npmjs.org/resolve-pathname/-/resolve-pathname-2.2.0.tgz",
      "integrity": "sha512-bAFz9ld18RzJfddgrO2e/0S2O81710++chRMUxHjXOYKF6jTAMrUNZrEZ1PvV0zlhfjidm08iRPdTLPno1FuRg=="
    },
    "safer-buffer": {
      "version": "2.1.2",
      "resolved": "https://registry.npmjs.org/safer-buffer/-/safer-buffer-2.1.2.tgz",
      "integrity": "sha512-YZo3K82SD7Riyi0E1EQPojLz7kpepnSQI9IyPbHHg1XXXevb5dJI7tpyN2ADxGcQbHG7vcyRHk0cbwqcQriUtg=="
    },
    "scheduler": {
      "version": "0.13.4",
      "resolved": "https://registry.npmjs.org/scheduler/-/scheduler-0.13.4.tgz",
      "integrity": "sha512-cvSOlRPxOHs5dAhP9yiS/6IDmVAVxmk33f0CtTJRkmUWcb1Us+t7b1wqdzoC0REw2muC9V5f1L/w5R5uKGaepA==",
      "requires": {
        "loose-envify": "^1.1.0",
        "object-assign": "^4.1.1"
      }
    },
    "setimmediate": {
      "version": "1.0.5",
      "resolved": "https://registry.npmjs.org/setimmediate/-/setimmediate-1.0.5.tgz",
      "integrity": "sha1-KQy7Iy4waULX1+qbg3Mqt4VvgoU="
    },
    "symbol-observable": {
      "version": "1.2.0",
      "resolved": "https://registry.npmjs.org/symbol-observable/-/symbol-observable-1.2.0.tgz",
      "integrity": "sha512-e900nM8RRtGhlV36KGEU9k65K3mPb1WV70OdjfxlG2EAuM1noi/E/BaW/uMhL7bPEssK8QV57vN3esixjUvcXQ=="
    },
    "typed-styles": {
      "version": "0.0.7",
      "resolved": "https://registry.npmjs.org/typed-styles/-/typed-styles-0.0.7.tgz",
      "integrity": "sha512-pzP0PWoZUhsECYjABgCGQlRGL1n7tOHsgwYv3oIiEpJwGhFTuty/YNeduxQYzXXa3Ge5BdT6sHYIQYpl4uJ+5Q=="
    },
    "typescript": {
      "version": "3.3.3333",
      "resolved": "https://registry.npmjs.org/typescript/-/typescript-3.3.3333.tgz",
      "integrity": "sha512-JjSKsAfuHBE/fB2oZ8NxtRTk5iGcg6hkYXMnZ3Wc+b2RSqejEqTaem11mHASMnFilHrax3sLK0GDzcJrekZYLw==",
      "dev": true
    },
    "ua-parser-js": {
      "version": "0.7.17",
      "resolved": "https://registry.npmjs.org/ua-parser-js/-/ua-parser-js-0.7.17.tgz",
      "integrity": "sha512-uRdSdu1oA1rncCQL7sCj8vSyZkgtL7faaw9Tc9rZ3mGgraQ7+Pdx7w5mnOSF3gw9ZNG6oc+KXfkon3bKuROm0g=="
    },
    "url-parse": {
      "version": "1.4.4",
      "resolved": "https://registry.npmjs.org/url-parse/-/url-parse-1.4.4.tgz",
      "integrity": "sha512-/92DTTorg4JjktLNLe6GPS2/RvAd/RGr6LuktmWSMLEOa6rjnlrFXNgSbSmkNvCoL2T028A0a1JaJLzRMlFoHg==",
      "dev": true,
      "requires": {
        "querystringify": "^2.0.0",
        "requires-port": "^1.0.0"
      }
    },
    "value-equal": {
      "version": "0.4.0",
      "resolved": "https://registry.npmjs.org/value-equal/-/value-equal-0.4.0.tgz",
      "integrity": "sha512-x+cYdNnaA3CxvMaTX0INdTCN8m8aF2uY9BvEqmxuYp8bL09cs/kWVQPVGcA35fMktdOsP69IgU7wFj/61dJHEw=="
    },
    "warning": {
      "version": "3.0.0",
      "resolved": "https://registry.npmjs.org/warning/-/warning-3.0.0.tgz",
      "integrity": "sha1-MuU3fLVy3kqwR1O9+IIcAe1gW3w=",
      "requires": {
        "loose-envify": "^1.0.0"
      }
    },
    "whatwg-fetch": {
      "version": "2.0.4",
      "resolved": "https://registry.npmjs.org/whatwg-fetch/-/whatwg-fetch-2.0.4.tgz",
      "integrity": "sha512-dcQ1GWpOD/eEQ97k66aiEVpNnapVj90/+R+SXTPYGHpYBBypfKJEQjLrvMZ7YXbKm21gXd4NcuxUTjiv1YtLng=="
    }
  }
}
